// !$*UTF8*$!
{
	archiveVersion = 1;
	classes = {
	};
	objectVersion = 46;
	objects = {

/* Begin PBXBuildFile section */
		115645DC1E3F4E6F001797ED /* main.m in Sources */ = {isa = PBXBuildFile; fileRef = 115645DB1E3F4E6F001797ED /* main.m */; };
		115645E71E3F4E70001797ED /* Assets.xcassets in Resources */ = {isa = PBXBuildFile; fileRef = 115645E61E3F4E70001797ED /* Assets.xcassets */; };
		115645EA1E3F4E70001797ED /* LaunchScreen.storyboard in Resources */ = {isa = PBXBuildFile; fileRef = 115645E81E3F4E70001797ED /* LaunchScreen.storyboard */; };
		115645F51E3F4E70001797ED /* BVCacheTests.m in Sources */ = {isa = PBXBuildFile; fileRef = 115645F41E3F4E70001797ED /* BVCacheTests.m */; };
		1156464B1E3F819B001797ED /* UIImageView+CachedImage.m in Sources */ = {isa = PBXBuildFile; fileRef = 1156464A1E3F819B001797ED /* UIImageView+CachedImage.m */; };
		1156464E1E3F81A7001797ED /* Reachability.m in Sources */ = {isa = PBXBuildFile; fileRef = 1156464D1E3F81A7001797ED /* Reachability.m */; };
		115646531E3F81B7001797ED /* NetworkModelManager.m in Sources */ = {isa = PBXBuildFile; fileRef = 115646501E3F81B7001797ED /* NetworkModelManager.m */; };
		115646541E3F81B7001797ED /* NetworkModelOperation.m in Sources */ = {isa = PBXBuildFile; fileRef = 115646521E3F81B7001797ED /* NetworkModelOperation.m */; };
		115646581E3F81CC001797ED /* BVOperation.m in Sources */ = {isa = PBXBuildFile; fileRef = 115646571E3F81CC001797ED /* BVOperation.m */; };
		1156465D1E3F81DD001797ED /* ListView.m in Sources */ = {isa = PBXBuildFile; fileRef = 1156465A1E3F81DD001797ED /* ListView.m */; };
		1156465E1E3F81DD001797ED /* ListViewController.m in Sources */ = {isa = PBXBuildFile; fileRef = 1156465C1E3F81DD001797ED /* ListViewController.m */; };
		115646611E3F81EC001797ED /* BVCache.m in Sources */ = {isa = PBXBuildFile; fileRef = 115646601E3F81EC001797ED /* BVCache.m */; };
		115646641E3F81FB001797ED /* BVAyscDownloader.m in Sources */ = {isa = PBXBuildFile; fileRef = 115646631E3F81FB001797ED /* BVAyscDownloader.m */; };
		115646691E3F8214001797ED /* FileFetchOperation.m in Sources */ = {isa = PBXBuildFile; fileRef = 115646661E3F8214001797ED /* FileFetchOperation.m */; };
		1156466A1E3F8214001797ED /* FileFetchService.m in Sources */ = {isa = PBXBuildFile; fileRef = 115646681E3F8214001797ED /* FileFetchService.m */; };
		1156466D1E3F8228001797ED /* AppDelegate.m in Sources */ = {isa = PBXBuildFile; fileRef = 1156466C1E3F8228001797ED /* AppDelegate.m */; };
/* End PBXBuildFile section */

/* Begin PBXContainerItemProxy section */
		115645F11E3F4E70001797ED /* PBXContainerItemProxy */ = {
			isa = PBXContainerItemProxy;
			containerPortal = 115645CF1E3F4E6F001797ED /* Project object */;
			proxyType = 1;
			remoteGlobalIDString = 115645D61E3F4E6F001797ED;
			remoteInfo = BVCache;
		};
/* End PBXContainerItemProxy section */

/* Begin PBXFileReference section */
		115645D71E3F4E6F001797ED /* BVCache.app */ = {isa = PBXFileReference; explicitFileType = wrapper.application; includeInIndex = 0; path = BVCache.app; sourceTree = BUILT_PRODUCTS_DIR; };
		115645DB1E3F4E6F001797ED /* main.m */ = {isa = PBXFileReference; lastKnownFileType = sourcecode.c.objc; path = main.m; sourceTree = "<group>"; };
		115645E61E3F4E70001797ED /* Assets.xcassets */ = {isa = PBXFileReference; lastKnownFileType = folder.assetcatalog; path = Assets.xcassets; sourceTree = "<group>"; };
		115645E91E3F4E70001797ED /* Base */ = {isa = PBXFileReference; lastKnownFileType = file.storyboard; name = Base; path = Base.lproj/LaunchScreen.storyboard; sourceTree = "<group>"; };
		115645EB1E3F4E70001797ED /* Info.plist */ = {isa = PBXFileReference; lastKnownFileType = text.plist.xml; path = Info.plist; sourceTree = "<group>"; };
		115645F01E3F4E70001797ED /* BVCacheTests.xctest */ = {isa = PBXFileReference; explicitFileType = wrapper.cfbundle; includeInIndex = 0; path = BVCacheTests.xctest; sourceTree = BUILT_PRODUCTS_DIR; };
		115645F41E3F4E70001797ED /* BVCacheTests.m */ = {isa = PBXFileReference; lastKnownFileType = sourcecode.c.objc; path = BVCacheTests.m; sourceTree = "<group>"; };
		115645F61E3F4E70001797ED /* Info.plist */ = {isa = PBXFileReference; lastKnownFileType = text.plist.xml; path = Info.plist; sourceTree = "<group>"; };
		115646481E3F7282001797ED /* PrefixHeader.pch */ = {isa = PBXFileReference; fileEncoding = 4; lastKnownFileType = sourcecode.c.h; path = PrefixHeader.pch; sourceTree = "<group>"; };
		115646491E3F819B001797ED /* UIImageView+CachedImage.h */ = {isa = PBXFileReference; fileEncoding = 4; lastKnownFileType = sourcecode.c.h; name = "UIImageView+CachedImage.h"; path = "BVCache/UIImageView+CachedImage.h"; sourceTree = SOURCE_ROOT; };
		1156464A1E3F819B001797ED /* UIImageView+CachedImage.m */ = {isa = PBXFileReference; fileEncoding = 4; lastKnownFileType = sourcecode.c.objc; name = "UIImageView+CachedImage.m"; path = "BVCache/UIImageView+CachedImage.m"; sourceTree = SOURCE_ROOT; };
		1156464C1E3F81A7001797ED /* Reachability.h */ = {isa = PBXFileReference; fileEncoding = 4; lastKnownFileType = sourcecode.c.h; name = Reachability.h; path = BVCache/Reachability.h; sourceTree = SOURCE_ROOT; };
		1156464D1E3F81A7001797ED /* Reachability.m */ = {isa = PBXFileReference; fileEncoding = 4; lastKnownFileType = sourcecode.c.objc; name = Reachability.m; path = BVCache/Reachability.m; sourceTree = SOURCE_ROOT; };
		1156464F1E3F81B7001797ED /* NetworkModelManager.h */ = {isa = PBXFileReference; fileEncoding = 4; lastKnownFileType = sourcecode.c.h; name = NetworkModelManager.h; path = BVCache/NetworkModelManager.h; sourceTree = SOURCE_ROOT; };
		115646501E3F81B7001797ED /* NetworkModelManager.m */ = {isa = PBXFileReference; fileEncoding = 4; lastKnownFileType = sourcecode.c.objc; name = NetworkModelManager.m; path = BVCache/NetworkModelManager.m; sourceTree = SOURCE_ROOT; };
		115646511E3F81B7001797ED /* NetworkModelOperation.h */ = {isa = PBXFileReference; fileEncoding = 4; lastKnownFileType = sourcecode.c.h; name = NetworkModelOperation.h; path = BVCache/NetworkModelOperation.h; sourceTree = SOURCE_ROOT; };
		115646521E3F81B7001797ED /* NetworkModelOperation.m */ = {isa = PBXFileReference; fileEncoding = 4; lastKnownFileType = sourcecode.c.objc; name = NetworkModelOperation.m; path = BVCache/NetworkModelOperation.m; sourceTree = SOURCE_ROOT; };
		115646551E3F81CC001797ED /* AppCommons.h */ = {isa = PBXFileReference; fileEncoding = 4; lastKnownFileType = sourcecode.c.h; name = AppCommons.h; path = BVCache/AppCommons.h; sourceTree = SOURCE_ROOT; };
		115646561E3F81CC001797ED /* BVOperation.h */ = {isa = PBXFileReference; fileEncoding = 4; lastKnownFileType = sourcecode.c.h; name = BVOperation.h; path = BVCache/BVOperation.h; sourceTree = SOURCE_ROOT; };
		115646571E3F81CC001797ED /* BVOperation.m */ = {isa = PBXFileReference; fileEncoding = 4; lastKnownFileType = sourcecode.c.objc; name = BVOperation.m; path = BVCache/BVOperation.m; sourceTree = SOURCE_ROOT; };
		115646591E3F81DD001797ED /* ListView.h */ = {isa = PBXFileReference; fileEncoding = 4; lastKnownFileType = sourcecode.c.h; name = ListView.h; path = BVCache/ListView.h; sourceTree = SOURCE_ROOT; };
		1156465A1E3F81DD001797ED /* ListView.m */ = {isa = PBXFileReference; fileEncoding = 4; lastKnownFileType = sourcecode.c.objc; name = ListView.m; path = BVCache/ListView.m; sourceTree = SOURCE_ROOT; };
		1156465B1E3F81DD001797ED /* ListViewController.h */ = {isa = PBXFileReference; fileEncoding = 4; lastKnownFileType = sourcecode.c.h; name = ListViewController.h; path = BVCache/ListViewController.h; sourceTree = SOURCE_ROOT; };
		1156465C1E3F81DD001797ED /* ListViewController.m */ = {isa = PBXFileReference; fileEncoding = 4; lastKnownFileType = sourcecode.c.objc; name = ListViewController.m; path = BVCache/ListViewController.m; sourceTree = SOURCE_ROOT; };
		1156465F1E3F81EC001797ED /* BVCache.h */ = {isa = PBXFileReference; fileEncoding = 4; lastKnownFileType = sourcecode.c.h; name = BVCache.h; path = BVCache/BVCache.h; sourceTree = SOURCE_ROOT; };
		115646601E3F81EC001797ED /* BVCache.m */ = {isa = PBXFileReference; fileEncoding = 4; lastKnownFileType = sourcecode.c.objc; name = BVCache.m; path = BVCache/BVCache.m; sourceTree = SOURCE_ROOT; };
		115646621E3F81FB001797ED /* BVAyscDownloader.h */ = {isa = PBXFileReference; fileEncoding = 4; lastKnownFileType = sourcecode.c.h; name = BVAyscDownloader.h; path = BVCache/BVAyscDownloader.h; sourceTree = SOURCE_ROOT; };
		115646631E3F81FB001797ED /* BVAyscDownloader.m */ = {isa = PBXFileReference; fileEncoding = 4; lastKnownFileType = sourcecode.c.objc; name = BVAyscDownloader.m; path = BVCache/BVAyscDownloader.m; sourceTree = SOURCE_ROOT; };
		115646651E3F8214001797ED /* FileFetchOperation.h */ = {isa = PBXFileReference; fileEncoding = 4; lastKnownFileType = sourcecode.c.h; name = FileFetchOperation.h; path = BVCache/FileFetchOperation.h; sourceTree = SOURCE_ROOT; };
		115646661E3F8214001797ED /* FileFetchOperation.m */ = {isa = PBXFileReference; fileEncoding = 4; lastKnownFileType = sourcecode.c.objc; name = FileFetchOperation.m; path = BVCache/FileFetchOperation.m; sourceTree = SOURCE_ROOT; };
		115646671E3F8214001797ED /* FileFetchService.h */ = {isa = PBXFileReference; fileEncoding = 4; lastKnownFileType = sourcecode.c.h; name = FileFetchService.h; path = BVCache/FileFetchService.h; sourceTree = SOURCE_ROOT; };
		115646681E3F8214001797ED /* FileFetchService.m */ = {isa = PBXFileReference; fileEncoding = 4; lastKnownFileType = sourcecode.c.objc; name = FileFetchService.m; path = BVCache/FileFetchService.m; sourceTree = SOURCE_ROOT; };
		1156466B1E3F8228001797ED /* AppDelegate.h */ = {isa = PBXFileReference; fileEncoding = 4; lastKnownFileType = sourcecode.c.h; path = AppDelegate.h; sourceTree = "<group>"; };
		1156466C1E3F8228001797ED /* AppDelegate.m */ = {isa = PBXFileReference; fileEncoding = 4; lastKnownFileType = sourcecode.c.objc; path = AppDelegate.m; sourceTree = "<group>"; };
/* End PBXFileReference section */

/* Begin PBXFrameworksBuildPhase section */
		115645D41E3F4E6F001797ED /* Frameworks */ = {
			isa = PBXFrameworksBuildPhase;
			buildActionMask = 2147483647;
			files = (
			);
			runOnlyForDeploymentPostprocessing = 0;
		};
		115645ED1E3F4E70001797ED /* Frameworks */ = {
			isa = PBXFrameworksBuildPhase;
			buildActionMask = 2147483647;
			files = (
			);
			runOnlyForDeploymentPostprocessing = 0;
		};
/* End PBXFrameworksBuildPhase section */

/* Begin PBXGroup section */
		115645CE1E3F4E6F001797ED = {
			isa = PBXGroup;
			children = (
				115645D91E3F4E6F001797ED /* BVCache */,
				115645F31E3F4E70001797ED /* BVCacheTests */,
				115645D81E3F4E6F001797ED /* Products */,
			);
			sourceTree = "<group>";
		};
		115645D81E3F4E6F001797ED /* Products */ = {
			isa = PBXGroup;
			children = (
				115645D71E3F4E6F001797ED /* BVCache.app */,
				115645F01E3F4E70001797ED /* BVCacheTests.xctest */,
			);
			name = Products;
			sourceTree = "<group>";
		};
		115645D91E3F4E6F001797ED /* BVCache */ = {
			isa = PBXGroup;
			children = (
				115646011E3F4E94001797ED /* Category */,
				115646041E3F4E94001797ED /* 3rd Party */,
				115646091E3F4E94001797ED /* Network */,
				1156460D1E3F4E94001797ED /* Commons */,
				115646161E3F4E94001797ED /* Demo */,
				115646191E3F4E94001797ED /* Cacher */,
				115646211E3F4E94001797ED /* Downloader */,
				1156466B1E3F8228001797ED /* AppDelegate.h */,
				1156466C1E3F8228001797ED /* AppDelegate.m */,
				115645E61E3F4E70001797ED /* Assets.xcassets */,
				115645E81E3F4E70001797ED /* LaunchScreen.storyboard */,
				115645EB1E3F4E70001797ED /* Info.plist */,
				115645DA1E3F4E6F001797ED /* Supporting Files */,
			);
			path = BVCache;
			sourceTree = "<group>";
		};
		115645DA1E3F4E6F001797ED /* Supporting Files */ = {
			isa = PBXGroup;
			children = (
				115646481E3F7282001797ED /* PrefixHeader.pch */,
				115645DB1E3F4E6F001797ED /* main.m */,
			);
			name = "Supporting Files";
			sourceTree = "<group>";
		};
		115645F31E3F4E70001797ED /* BVCacheTests */ = {
			isa = PBXGroup;
			children = (
				115645F41E3F4E70001797ED /* BVCacheTests.m */,
				115645F61E3F4E70001797ED /* Info.plist */,
			);
			path = BVCacheTests;
			sourceTree = "<group>";
		};
		115646011E3F4E94001797ED /* Category */ = {
			isa = PBXGroup;
			children = (
				115646491E3F819B001797ED /* UIImageView+CachedImage.h */,
				1156464A1E3F819B001797ED /* UIImageView+CachedImage.m */,
			);
			name = Category;
			path = ../../../../Downloads/MVCache/MVCache;
			sourceTree = "<group>";
		};
		115646041E3F4E94001797ED /* 3rd Party */ = {
			isa = PBXGroup;
			children = (
				1156464C1E3F81A7001797ED /* Reachability.h */,
				1156464D1E3F81A7001797ED /* Reachability.m */,
			);
			name = "3rd Party";
			path = ../../../../Downloads/MVCache/MVCache;
			sourceTree = "<group>";
		};
		115646091E3F4E94001797ED /* Network */ = {
			isa = PBXGroup;
			children = (
				1156464F1E3F81B7001797ED /* NetworkModelManager.h */,
				115646501E3F81B7001797ED /* NetworkModelManager.m */,
				115646511E3F81B7001797ED /* NetworkModelOperation.h */,
				115646521E3F81B7001797ED /* NetworkModelOperation.m */,
			);
			name = Network;
			path = ../../../../Downloads/MVCache/MVCache;
			sourceTree = "<group>";
		};
		1156460D1E3F4E94001797ED /* Commons */ = {
			isa = PBXGroup;
			children = (
				115646551E3F81CC001797ED /* AppCommons.h */,
				115646561E3F81CC001797ED /* BVOperation.h */,
				115646571E3F81CC001797ED /* BVOperation.m */,
			);
			name = Commons;
			path = ../../../../Downloads/MVCache/MVCache;
			sourceTree = "<group>";
		};
		115646151E3F4E94001797ED /* List View */ = {
			isa = PBXGroup;
			children = (
				115646591E3F81DD001797ED /* ListView.h */,
				1156465A1E3F81DD001797ED /* ListView.m */,
				1156465B1E3F81DD001797ED /* ListViewController.h */,
				1156465C1E3F81DD001797ED /* ListViewController.m */,
			);
			name = "List View";
			sourceTree = "<group>";
		};
		115646161E3F4E94001797ED /* Demo */ = {
			isa = PBXGroup;
			children = (
				115646151E3F4E94001797ED /* List View */,
			);
			name = Demo;
			path = ../../../../Downloads/MVCache/MVCache;
			sourceTree = "<group>";
		};
		115646191E3F4E94001797ED /* Cacher */ = {
			isa = PBXGroup;
			children = (
				1156465F1E3F81EC001797ED /* BVCache.h */,
				115646601E3F81EC001797ED /* BVCache.m */,
			);
			name = Cacher;
			path = ../../../../Downloads/MVCache/MVCache;
			sourceTree = "<group>";
		};
		1156461E1E3F4E94001797ED /* Download Queue */ = {
			isa = PBXGroup;
			children = (
				115646651E3F8214001797ED /* FileFetchOperation.h */,
				115646661E3F8214001797ED /* FileFetchOperation.m */,
				115646671E3F8214001797ED /* FileFetchService.h */,
				115646681E3F8214001797ED /* FileFetchService.m */,
			);
			name = "Download Queue";
			sourceTree = "<group>";
		};
		115646211E3F4E94001797ED /* Downloader */ = {
			isa = PBXGroup;
			children = (
				1156461E1E3F4E94001797ED /* Download Queue */,
				115646621E3F81FB001797ED /* BVAyscDownloader.h */,
				115646631E3F81FB001797ED /* BVAyscDownloader.m */,
			);
			name = Downloader;
			path = ../../../../Downloads/MVCache/MVCache;
			sourceTree = "<group>";
		};
/* End PBXGroup section */

/* Begin PBXNativeTarget section */
		115645D61E3F4E6F001797ED /* BVCache */ = {
			isa = PBXNativeTarget;
			buildConfigurationList = 115645F91E3F4E70001797ED /* Build configuration list for PBXNativeTarget "BVCache" */;
			buildPhases = (
				115645D31E3F4E6F001797ED /* Sources */,
				115645D41E3F4E6F001797ED /* Frameworks */,
				115645D51E3F4E6F001797ED /* Resources */,
			);
			buildRules = (
			);
			dependencies = (
			);
			name = BVCache;
			productName = BVCache;
			productReference = 115645D71E3F4E6F001797ED /* BVCache.app */;
			productType = "com.apple.product-type.application";
		};
		115645EF1E3F4E70001797ED /* BVCacheTests */ = {
			isa = PBXNativeTarget;
			buildConfigurationList = 115645FC1E3F4E70001797ED /* Build configuration list for PBXNativeTarget "BVCacheTests" */;
			buildPhases = (
				115645EC1E3F4E70001797ED /* Sources */,
				115645ED1E3F4E70001797ED /* Frameworks */,
				115645EE1E3F4E70001797ED /* Resources */,
			);
			buildRules = (
			);
			dependencies = (
				115645F21E3F4E70001797ED /* PBXTargetDependency */,
			);
			name = BVCacheTests;
			productName = BVCacheTests;
			productReference = 115645F01E3F4E70001797ED /* BVCacheTests.xctest */;
			productType = "com.apple.product-type.bundle.unit-test";
		};
/* End PBXNativeTarget section */

/* Begin PBXProject section */
		115645CF1E3F4E6F001797ED /* Project object */ = {
			isa = PBXProject;
			attributes = {
				LastUpgradeCheck = 0800;
				ORGANIZATIONNAME = Basanth;
				TargetAttributes = {
					115645D61E3F4E6F001797ED = {
						CreatedOnToolsVersion = 8.0;
						DevelopmentTeam = JLY7ES5426;
						ProvisioningStyle = Automatic;
					};
					115645EF1E3F4E70001797ED = {
						CreatedOnToolsVersion = 8.0;
						DevelopmentTeam = JLY7ES5426;
						ProvisioningStyle = Automatic;
						TestTargetID = 115645D61E3F4E6F001797ED;
					};
				};
			};
			buildConfigurationList = 115645D21E3F4E6F001797ED /* Build configuration list for PBXProject "BVCache" */;
			compatibilityVersion = "Xcode 3.2";
			developmentRegion = English;
			hasScannedForEncodings = 0;
			knownRegions = (
				en,
				Base,
			);
			mainGroup = 115645CE1E3F4E6F001797ED;
			productRefGroup = 115645D81E3F4E6F001797ED /* Products */;
			projectDirPath = "";
			projectRoot = "";
			targets = (
				115645D61E3F4E6F001797ED /* BVCache */,
				115645EF1E3F4E70001797ED /* BVCacheTests */,
			);
		};
/* End PBXProject section */

/* Begin PBXResourcesBuildPhase section */
		115645D51E3F4E6F001797ED /* Resources */ = {
			isa = PBXResourcesBuildPhase;
			buildActionMask = 2147483647;
			files = (
				115645EA1E3F4E70001797ED /* LaunchScreen.storyboard in Resources */,
				115645E71E3F4E70001797ED /* Assets.xcassets in Resources */,
			);
			runOnlyForDeploymentPostprocessing = 0;
		};
		115645EE1E3F4E70001797ED /* Resources */ = {
			isa = PBXResourcesBuildPhase;
			buildActionMask = 2147483647;
			files = (
			);
			runOnlyForDeploymentPostprocessing = 0;
		};
/* End PBXResourcesBuildPhase section */

/* Begin PBXSourcesBuildPhase section */
		115645D31E3F4E6F001797ED /* Sources */ = {
			isa = PBXSourcesBuildPhase;
			buildActionMask = 2147483647;
			files = (
				115646691E3F8214001797ED /* FileFetchOperation.m in Sources */,
				115646531E3F81B7001797ED /* NetworkModelManager.m in Sources */,
				1156465E1E3F81DD001797ED /* ListViewController.m in Sources */,
				115646581E3F81CC001797ED /* BVOperation.m in Sources */,
				1156465D1E3F81DD001797ED /* ListView.m in Sources */,
				115646541E3F81B7001797ED /* NetworkModelOperation.m in Sources */,
				1156466D1E3F8228001797ED /* AppDelegate.m in Sources */,
				1156466A1E3F8214001797ED /* FileFetchService.m in Sources */,
				115646611E3F81EC001797ED /* BVCache.m in Sources */,
				1156464B1E3F819B001797ED /* UIImageView+CachedImage.m in Sources */,
				115646641E3F81FB001797ED /* BVAyscDownloader.m in Sources */,
				1156464E1E3F81A7001797ED /* Reachability.m in Sources */,
				115645DC1E3F4E6F001797ED /* main.m in Sources */,
			);
			runOnlyForDeploymentPostprocessing = 0;
		};
		115645EC1E3F4E70001797ED /* Sources */ = {
			isa = PBXSourcesBuildPhase;
			buildActionMask = 2147483647;
			files = (
				115645F51E3F4E70001797ED /* BVCacheTests.m in Sources */,
			);
			runOnlyForDeploymentPostprocessing = 0;
		};
/* End PBXSourcesBuildPhase section */

/* Begin PBXTargetDependency section */
		115645F21E3F4E70001797ED /* PBXTargetDependency */ = {
			isa = PBXTargetDependency;
			target = 115645D61E3F4E6F001797ED /* BVCache */;
			targetProxy = 115645F11E3F4E70001797ED /* PBXContainerItemProxy */;
		};
/* End PBXTargetDependency section */

/* Begin PBXVariantGroup section */
		115645E81E3F4E70001797ED /* LaunchScreen.storyboard */ = {
			isa = PBXVariantGroup;
			children = (
				115645E91E3F4E70001797ED /* Base */,
			);
			name = LaunchScreen.storyboard;
			sourceTree = "<group>";
		};
/* End PBXVariantGroup section */

/* Begin XCBuildConfiguration section */
		115645F71E3F4E70001797ED /* Debug */ = {
			isa = XCBuildConfiguration;
			buildSettings = {
				ALWAYS_SEARCH_USER_PATHS = NO;
				CLANG_ANALYZER_NONNULL = YES;
				CLANG_CXX_LANGUAGE_STANDARD = "gnu++0x";
				CLANG_CXX_LIBRARY = "libc++";
				CLANG_ENABLE_MODULES = YES;
				CLANG_ENABLE_OBJC_ARC = YES;
				CLANG_WARN_BOOL_CONVERSION = YES;
				CLANG_WARN_CONSTANT_CONVERSION = YES;
				CLANG_WARN_DIRECT_OBJC_ISA_USAGE = YES_ERROR;
				CLANG_WARN_DOCUMENTATION_COMMENTS = YES;
				CLANG_WARN_EMPTY_BODY = YES;
				CLANG_WARN_ENUM_CONVERSION = YES;
				CLANG_WARN_INFINITE_RECURSION = YES;
				CLANG_WARN_INT_CONVERSION = YES;
				CLANG_WARN_OBJC_ROOT_CLASS = YES_ERROR;
				CLANG_WARN_SUSPICIOUS_MOVES = YES;
				CLANG_WARN_UNREACHABLE_CODE = YES;
				CLANG_WARN__DUPLICATE_METHOD_MATCH = YES;
				"CODE_SIGN_IDENTITY[sdk=iphoneos*]" = "iPhone Developer";
				COPY_PHASE_STRIP = NO;
				DEBUG_INFORMATION_FORMAT = dwarf;
				ENABLE_STRICT_OBJC_MSGSEND = YES;
				ENABLE_TESTABILITY = YES;
				GCC_C_LANGUAGE_STANDARD = gnu99;
				GCC_DYNAMIC_NO_PIC = NO;
				GCC_NO_COMMON_BLOCKS = YES;
				GCC_OPTIMIZATION_LEVEL = 0;
				GCC_PREPROCESSOR_DEFINITIONS = (
					"DEBUG=1",
					"$(inherited)",
				);
				GCC_WARN_64_TO_32_BIT_CONVERSION = YES;
				GCC_WARN_ABOUT_RETURN_TYPE = YES_ERROR;
				GCC_WARN_UNDECLARED_SELECTOR = YES;
				GCC_WARN_UNINITIALIZED_AUTOS = YES_AGGRESSIVE;
				GCC_WARN_UNUSED_FUNCTION = YES;
				GCC_WARN_UNUSED_VARIABLE = YES;
				IPHONEOS_DEPLOYMENT_TARGET = 10.0;
				MTL_ENABLE_DEBUG_INFO = YES;
				ONLY_ACTIVE_ARCH = YES;
				SDKROOT = iphoneos;
			};
			name = Debug;
		};
		115645F81E3F4E70001797ED /* Release */ = {
			isa = XCBuildConfiguration;
			buildSettings = {
				ALWAYS_SEARCH_USER_PATHS = NO;
				CLANG_ANALYZER_NONNULL = YES;
				CLANG_CXX_LANGUAGE_STANDARD = "gnu++0x";
				CLANG_CXX_LIBRARY = "libc++";
				CLANG_ENABLE_MODULES = YES;
				CLANG_ENABLE_OBJC_ARC = YES;
				CLANG_WARN_BOOL_CONVERSION = YES;
				CLANG_WARN_CONSTANT_CONVERSION = YES;
				CLANG_WARN_DIRECT_OBJC_ISA_USAGE = YES_ERROR;
				CLANG_WARN_DOCUMENTATION_COMMENTS = YES;
				CLANG_WARN_EMPTY_BODY = YES;
				CLANG_WARN_ENUM_CONVERSION = YES;
				CLANG_WARN_INFINITE_RECURSION = YES;
				CLANG_WARN_INT_CONVERSION = YES;
				CLANG_WARN_OBJC_ROOT_CLASS = YES_ERROR;
				CLANG_WARN_SUSPICIOUS_MOVES = YES;
				CLANG_WARN_UNREACHABLE_CODE = YES;
				CLANG_WARN__DUPLICATE_METHOD_MATCH = YES;
				"CODE_SIGN_IDENTITY[sdk=iphoneos*]" = "iPhone Developer";
				COPY_PHASE_STRIP = NO;
				DEBUG_INFORMATION_FORMAT = "dwarf-with-dsym";
				ENABLE_NS_ASSERTIONS = NO;
				ENABLE_STRICT_OBJC_MSGSEND = YES;
				GCC_C_LANGUAGE_STANDARD = gnu99;
				GCC_NO_COMMON_BLOCKS = YES;
				GCC_WARN_64_TO_32_BIT_CONVERSION = YES;
				GCC_WARN_ABOUT_RETURN_TYPE = YES_ERROR;
				GCC_WARN_UNDECLARED_SELECTOR = YES;
				GCC_WARN_UNINITIALIZED_AUTOS = YES_AGGRESSIVE;
				GCC_WARN_UNUSED_FUNCTION = YES;
				GCC_WARN_UNUSED_VARIABLE = YES;
				IPHONEOS_DEPLOYMENT_TARGET = 10.0;
				MTL_ENABLE_DEBUG_INFO = NO;
				SDKROOT = iphoneos;
				VALIDATE_PRODUCT = YES;
			};
			name = Release;
		};
		115645FA1E3F4E70001797ED /* Debug */ = {
			isa = XCBuildConfiguration;
			buildSettings = {
				ASSETCATALOG_COMPILER_APPICON_NAME = AppIcon;
				DEVELOPMENT_TEAM = JLY7ES5426;
				GCC_PRECOMPILE_PREFIX_HEADER = NO;
				GCC_PREFIX_HEADER = BVCache/PrefixHeader.pch;
				INFOPLIST_FILE = BVCache/Info.plist;
				LD_RUNPATH_SEARCH_PATHS = "$(inherited) @executable_path/Frameworks";
				PRODUCT_BUNDLE_IDENTIFIER = com.basanth.BVCache;
				PRODUCT_NAME = "$(TARGET_NAME)";
			};
			name = Debug;
		};
		115645FB1E3F4E70001797ED /* Release */ = {
			isa = XCBuildConfiguration;
			buildSettings = {
				ASSETCATALOG_COMPILER_APPICON_NAME = AppIcon;
				DEVELOPMENT_TEAM = JLY7ES5426;
				GCC_PRECOMPILE_PREFIX_HEADER = NO;
				GCC_PREFIX_HEADER = BVCache/PrefixHeader.pch;
				INFOPLIST_FILE = BVCache/Info.plist;
				LD_RUNPATH_SEARCH_PATHS = "$(inherited) @executable_path/Frameworks";
				PRODUCT_BUNDLE_IDENTIFIER = com.basanth.BVCache;
				PRODUCT_NAME = "$(TARGET_NAME)";
			};
			name = Release;
		};
		115645FD1E3F4E70001797ED /* Debug */ = {
			isa = XCBuildConfiguration;
			buildSettings = {
				BUNDLE_LOADER = "$(TEST_HOST)";
				DEVELOPMENT_TEAM = JLY7ES5426;
				INFOPLIST_FILE = BVCacheTests/Info.plist;
				LD_RUNPATH_SEARCH_PATHS = "$(inherited) @executable_path/Frameworks @loader_path/Frameworks";
				PRODUCT_BUNDLE_IDENTIFIER = com.basanth.BVCacheTests;
				PRODUCT_NAME = "$(TARGET_NAME)";
				TEST_HOST = "$(BUILT_PRODUCTS_DIR)/BVCache.app/BVCache";
			};
			name = Debug;
		};
		115645FE1E3F4E70001797ED /* Release */ = {
			isa = XCBuildConfiguration;
			buildSettings = {
				BUNDLE_LOADER = "$(TEST_HOST)";
				DEVELOPMENT_TEAM = JLY7ES5426;
				INFOPLIST_FILE = BVCacheTests/Info.plist;
				LD_RUNPATH_SEARCH_PATHS = "$(inherited) @executable_path/Frameworks @loader_path/Frameworks";
				PRODUCT_BUNDLE_IDENTIFIER = com.basanth.BVCacheTests;
				PRODUCT_NAME = "$(TARGET_NAME)";
				TEST_HOST = "$(BUILT_PRODUCTS_DIR)/BVCache.app/BVCache";
			};
			name = Release;
		};
/* End XCBuildConfiguration section */

/* Begin XCConfigurationList section */
		115645D21E3F4E6F001797ED /* Build configuration list for PBXProject "BVCache" */ = {
			isa = XCConfigurationList;
			buildConfigurations = (
				115645F71E3F4E70001797ED /* Debug */,
				115645F81E3F4E70001797ED /* Release */,
			);
			defaultConfigurationIsVisible = 0;
			defaultConfigurationName = Release;
		};
		115645F91E3F4E70001797ED /* Build configuration list for PBXNativeTarget "BVCache" */ = {
			isa = XCConfigurationList;
			buildConfigurations = (
				115645FA1E3F4E70001797ED /* Debug */,
				115645FB1E3F4E70001797ED /* Release */,
			);
			defaultConfigurationIsVisible = 0;
			defaultConfigurationName = Release;
		};
		115645FC1E3F4E70001797ED /* Build configuration list for PBXNativeTarget "BVCacheTests" */ = {
			isa = XCConfigurationList;
			buildConfigurations = (
				115645FD1E3F4E70001797ED /* Debug */,
				115645FE1E3F4E70001797ED /* Release */,
			);
			defaultConfigurationIsVisible = 0;
			defaultConfigurationName = Release;
		};
/* End XCConfigurationList section */
	};
	rootObject = 115645CF1E3F4E6F001797ED /* Project object */;
}
